
Microsoft Visual Studio Solution File, Format Version 12.00
# Visual Studio 14
VisualStudioVersion = 14.0.25123.0
MinimumVisualStudioVersion = 10.0.40219.1
Project("{FAE04EC0-301F-11D3-BF4B-00C04F79EFBC}") = "Futbol Kaiser", "Futbol Kaiser\Futbol Kaiser.csproj", "{BF96A8FD-82D5-4519-8585-5A4780C2379B}"
EndProject
Global
	GlobalSection(SolutionConfigurationPlatforms) = preSolution
		Debug|Any CPU = Debug|Any CPU
		Release|Any CPU = Release|Any CPU
	EndGlobalSection
	GlobalSection(ProjectConfigurationPlatforms) = postSolution
		{BF96A8FD-82D5-4519-8585-5A4780C2379B}.Debug|Any CPU.ActiveCfg = Debug|Any CPU
		{BF96A8FD-82D5-4519-8585-5A4780C2379B}.Debug|Any CPU.Build.0 = Debug|Any CPU
		{BF96A8FD-82D5-4519-8585-5A4780C2379B}.Release|Any CPU.ActiveCfg = Release|Any CPU
		{BF96A8FD-82D5-4519-8585-5A4780C2379B}.Release|Any CPU.Build.0 = Release|Any CPU
	EndGlobalSection
	GlobalSection(SolutionProperties) = preSolution
		HideSolutionNode = FALSE
	EndGlobalSection
EndGlobal
